<Solution>
  <Project Path="MCPForUnity.Runtime.csproj" />
  <Project Path="MCPForUnity.Editor.csproj" />
  <Project Path="NavMeshComponentsTestsEditmode.csproj" />
  <Project Path="Assembly-CSharp.csproj" />
  <Project Path="Assembly-CSharp-Editor.csproj" />
  <Project Path="NavMeshComponentsTestsPlaymode.csproj" />
</Solution>
